
Microsoft Visual Studio Solution File, Format Version 12.00
# Visual Studio Version 17
VisualStudioVersion = 17.0.32112.339
MinimumVisualStudioVersion = 10.0.40219.1
Project("{FAE04EC0-301F-11D3-BF4B-00C04F79EFBC}") = "BasicConsoleIO", "BasicConsoleIO\BasicConsoleIO.csproj", "{1ADEDFDF-2BA2-4265-8EEF-FFDD281120B0}"
EndProject
Global
	GlobalSection(SolutionConfigurationPlatforms) = preSolution
		Debug|Any CPU = Debug|Any CPU
		Release|Any CPU = Release|Any CPU
	EndGlobalSection
	GlobalSection(ProjectConfigurationPlatforms) = postSolution
		{1ADEDFDF-2BA2-4265-8EEF-FFDD281120B0}.Debug|Any CPU.ActiveCfg = Debug|Any CPU
		{1ADEDFDF-2BA2-4265-8EEF-FFDD281120B0}.Debug|Any CPU.Build.0 = Debug|Any CPU
		{1ADEDFDF-2BA2-4265-8EEF-FFDD281120B0}.Release|Any CPU.ActiveCfg = Release|Any CPU
		{1ADEDFDF-2BA2-4265-8EEF-FFDD281120B0}.Release|Any CPU.Build.0 = Release|Any CPU
	EndGlobalSection
	GlobalSection(SolutionProperties) = preSolution
		HideSolutionNode = FALSE
	EndGlobalSection
	GlobalSection(ExtensibilityGlobals) = postSolution
		SolutionGuid = {2747CAFE-ABD6-43CB-83D6-0E5A438A3584}
	EndGlobalSection
EndGlobal
